name: p12-r1-flywheel
channels:
  - conda-forge
dependencies:
  - python=3.12.12
  - pip=25.2
  - numpy=1.26.4
  - sympy=1.13.1
  - pyyaml=6.0.3
  - tqdm=4.67.1
  - pytest=8.4.2
  - pip:
      - accelerate==1.2.1
      - datasets==3.1.0
      - evaluate==0.4.3
      - peft==0.18.1
      - sentencepiece==0.2.1
      - torch==2.5.1
      - transformers==4.57.1
      - vllm==0.8.5.post1
